PODS:
  - Alamofire (4.5.1)
  - Crashlytics (3.8.6):
    - Fabric (~> 1.6.3)
  - Fabric (1.6.13)
  - IBAnimatable (5.0.0)
  - Kingfisher (4.1.0)
  - Realm (2.10.2):
    - Realm/Headers (= 2.10.2)
  - Realm/Headers (2.10.2)
  - RealmSwift (2.10.2):
    - Realm (= 2.10.2)

DEPENDENCIES:
  - Alamofire
  - Crashlytics
  - Fabric
  - IBAnimatable
  - Kingfisher
  - RealmSwift

SPEC CHECKSUMS:
  Alamofire: 2d95912bf4c34f164fdfc335872e8c312acaea4a
  Crashlytics: 95d05f4e4c19a771250c4bd9ce344d996de32bbf
  Fabric: 2fb5676bc811af011a04513451f463dac6803206
  IBAnimatable: aa2286a9cf8fb4ae2e1be85c5287ae56143b024f
  Kingfisher: f14df8cbe576bf55f211fa589e9869bceb4ea87d
  Realm: 0ef72b837fb67e9f4b098bac771ddd72c7fdbb69
  RealmSwift: 07a9ae0505091eda6b2ee7c190c3786d6e90a7b0

PODFILE CHECKSUM: c96d36e240b41eb0b1d77d3917dd096f2ca0aa44

COCOAPODS: 1.3.1
