// !$*UTF8*$!
{
	archiveVersion = 1;
	classes = {
	};
	objectVersion = 48;
	objects = {

/* Begin PBXBuildFile section */
		1D4692B535466D6B3D4C77A0 /* Pods_Destiny2Api.framework in Frameworks */ = {isa = PBXBuildFile; fileRef = 6BAC47E53314CBE3C02E3588 /* Pods_Destiny2Api.framework */; };
		CA1C187D20F922B60017C16B /* CharacterSelectorViewController.swift in Sources */ = {isa = PBXBuildFile; fileRef = CA1C187C20F922B60017C16B /* CharacterSelectorViewController.swift */; };
		CA1C187F20F9337C0017C16B /* ItemsCollectionViewController.swift in Sources */ = {isa = PBXBuildFile; fileRef = CA1C187E20F9337C0017C16B /* ItemsCollectionViewController.swift */; };
		CA1C188120F9338F0017C16B /* ItemCollectionViewCell.swift in Sources */ = {isa = PBXBuildFile; fileRef = CA1C188020F9338F0017C16B /* ItemCollectionViewCell.swift */; };
		CA1C188320FCF38E0017C16B /* ItemBucket.swift in Sources */ = {isa = PBXBuildFile; fileRef = CA1C188220FCF38E0017C16B /* ItemBucket.swift */; };
		CA2B5CE620FD594E005A24C5 /* ItemCollectionHeader.swift in Sources */ = {isa = PBXBuildFile; fileRef = CA2B5CE520FD594E005A24C5 /* ItemCollectionHeader.swift */; };
		CA351881200FB37A00F5AABC /* AppDelegate.swift in Sources */ = {isa = PBXBuildFile; fileRef = CA351880200FB37A00F5AABC /* AppDelegate.swift */; };
		CA351883200FB37A00F5AABC /* ViewController.swift in Sources */ = {isa = PBXBuildFile; fileRef = CA351882200FB37A00F5AABC /* ViewController.swift */; };
		CA351888200FB37A00F5AABC /* Assets.xcassets in Resources */ = {isa = PBXBuildFile; fileRef = CA351887200FB37A00F5AABC /* Assets.xcassets */; };
		CA351895200FB9FC00F5AABC /* WSAPI.swift in Sources */ = {isa = PBXBuildFile; fileRef = CA351894200FB9FB00F5AABC /* WSAPI.swift */; };
		CA351897200FBED600F5AABC /* EndpointConfiguration.swift in Sources */ = {isa = PBXBuildFile; fileRef = CA351896200FBED600F5AABC /* EndpointConfiguration.swift */; };
		CA351899200FD76B00F5AABC /* UserEndpoints.swift in Sources */ = {isa = PBXBuildFile; fileRef = CA351898200FD76B00F5AABC /* UserEndpoints.swift */; };
		CA3518A0200FE58800F5AABC /* EntityProtocol.swift in Sources */ = {isa = PBXBuildFile; fileRef = CA35189F200FE58800F5AABC /* EntityProtocol.swift */; };
		CA3518A2200FE86700F5AABC /* UserWorker.swift in Sources */ = {isa = PBXBuildFile; fileRef = CA3518A1200FE86700F5AABC /* UserWorker.swift */; };
		CA487AFB20F5149F00E8590B /* Dictionary_Extension.swift in Sources */ = {isa = PBXBuildFile; fileRef = CA487AFA20F5149F00E8590B /* Dictionary_Extension.swift */; };
		CA487B0220F9062A00E8590B /* Color_Extension.swift in Sources */ = {isa = PBXBuildFile; fileRef = CA487B0120F9062A00E8590B /* Color_Extension.swift */; };
		CAD2434320ED881400F68B2E /* Character.swift in Sources */ = {isa = PBXBuildFile; fileRef = CAD2434220ED881400F68B2E /* Character.swift */; };
		CAD2434520ED8AFD00F68B2E /* ServiceEntitiesEnums.swift in Sources */ = {isa = PBXBuildFile; fileRef = CAD2434420ED8AFD00F68B2E /* ServiceEntitiesEnums.swift */; };
		CAD2434920ED98F300F68B2E /* CharacterTableViewController.swift in Sources */ = {isa = PBXBuildFile; fileRef = CAD2434820ED98F300F68B2E /* CharacterTableViewController.swift */; };
		CAD2434E20EDAAA200F68B2E /* CharacterTableViewCell.swift in Sources */ = {isa = PBXBuildFile; fileRef = CAD2434D20EDAAA200F68B2E /* CharacterTableViewCell.swift */; };
		CAD2437620EED6BD00F68B2E /* ManifestEndpoint.swift in Sources */ = {isa = PBXBuildFile; fileRef = CAD2437520EED6BD00F68B2E /* ManifestEndpoint.swift */; };
		CAD2437920EEDE9300F68B2E /* Item.swift in Sources */ = {isa = PBXBuildFile; fileRef = CAD2437820EEDE9300F68B2E /* Item.swift */; };
		CAD2437B20F3BCB700F68B2E /* ItemWorker.swift in Sources */ = {isa = PBXBuildFile; fileRef = CAD2437A20F3BCB700F68B2E /* ItemWorker.swift */; };
		CAD2437D20F3C21200F68B2E /* InventoryItem.swift in Sources */ = {isa = PBXBuildFile; fileRef = CAD2437C20F3C21200F68B2E /* InventoryItem.swift */; };
		CAD2437F20F3C7C000F68B2E /* ItemInstance.swift in Sources */ = {isa = PBXBuildFile; fileRef = CAD2437E20F3C7C000F68B2E /* ItemInstance.swift */; };
		CAD2438120F3D0BB00F68B2E /* ItemManifest.swift in Sources */ = {isa = PBXBuildFile; fileRef = CAD2438020F3D0BB00F68B2E /* ItemManifest.swift */; };
		CAD2438320F3ECD900F68B2E /* CharacterInventoryViewController.swift in Sources */ = {isa = PBXBuildFile; fileRef = CAD2438220F3ECD900F68B2E /* CharacterInventoryViewController.swift */; };
		CAF5A0E220EC2779001F4C30 /* LoginEndpoints.swift in Sources */ = {isa = PBXBuildFile; fileRef = CAF5A0E120EC2779001F4C30 /* LoginEndpoints.swift */; };
		CAF5A0E920EC2DFF001F4C30 /* User.swift in Sources */ = {isa = PBXBuildFile; fileRef = CAF5A0E720EC2DFF001F4C30 /* User.swift */; };
		CAF5A0EB20EC2E0C001F4C30 /* Token.swift in Sources */ = {isa = PBXBuildFile; fileRef = CAF5A0EA20EC2E0C001F4C30 /* Token.swift */; };
		CAF5A0ED20EC2E2B001F4C30 /* Token_Persistance.swift in Sources */ = {isa = PBXBuildFile; fileRef = CAF5A0EC20EC2E2B001F4C30 /* Token_Persistance.swift */; };
		CAF5A0EF20EC35EF001F4C30 /* LoginWorker.swift in Sources */ = {isa = PBXBuildFile; fileRef = CAF5A0EE20EC35EF001F4C30 /* LoginWorker.swift */; };
		CAF5A0F220EC3902001F4C30 /* RealmApi.swift in Sources */ = {isa = PBXBuildFile; fileRef = CAF5A0F120EC3902001F4C30 /* RealmApi.swift */; };
		CAF5A0F520EC6D8A001F4C30 /* CurrentSession.swift in Sources */ = {isa = PBXBuildFile; fileRef = CAF5A0F420EC6D8A001F4C30 /* CurrentSession.swift */; };
		CAF5A0F820EC7468001F4C30 /* AlertsUtility.swift in Sources */ = {isa = PBXBuildFile; fileRef = CAF5A0F720EC7468001F4C30 /* AlertsUtility.swift */; };
		CAF5A0FC20ED457D001F4C30 /* LaunchScreen.storyboard in Resources */ = {isa = PBXBuildFile; fileRef = CAF5A0FA20ED457D001F4C30 /* LaunchScreen.storyboard */; };
		CAF5A0FD20ED457D001F4C30 /* Main.storyboard in Resources */ = {isa = PBXBuildFile; fileRef = CAF5A0FB20ED457D001F4C30 /* Main.storyboard */; };
		CAF5A0FF20ED45C9001F4C30 /* Character.storyboard in Resources */ = {isa = PBXBuildFile; fileRef = CAF5A0FE20ED45C9001F4C30 /* Character.storyboard */; };
		CAF5A10120ED45F5001F4C30 /* ClanManagment.storyboard in Resources */ = {isa = PBXBuildFile; fileRef = CAF5A10020ED45F5001F4C30 /* ClanManagment.storyboard */; };
		CAF5A10920ED4B40001F4C30 /* ClanManagmentRootViewController.swift in Sources */ = {isa = PBXBuildFile; fileRef = CAF5A10820ED4B40001F4C30 /* ClanManagmentRootViewController.swift */; };
/* End PBXBuildFile section */

/* Begin PBXFileReference section */
		6BAC47E53314CBE3C02E3588 /* Pods_Destiny2Api.framework */ = {isa = PBXFileReference; explicitFileType = wrapper.framework; includeInIndex = 0; path = Pods_Destiny2Api.framework; sourceTree = BUILT_PRODUCTS_DIR; };
		8698FCDCB57163F6818B1B9B /* Pods-Destiny2Api.debug.xcconfig */ = {isa = PBXFileReference; includeInIndex = 1; lastKnownFileType = text.xcconfig; name = "Pods-Destiny2Api.debug.xcconfig"; path = "Pods/Target Support Files/Pods-Destiny2Api/Pods-Destiny2Api.debug.xcconfig"; sourceTree = "<group>"; };
		CA1C187C20F922B60017C16B /* CharacterSelectorViewController.swift */ = {isa = PBXFileReference; lastKnownFileType = sourcecode.swift; path = CharacterSelectorViewController.swift; sourceTree = "<group>"; };
		CA1C187E20F9337C0017C16B /* ItemsCollectionViewController.swift */ = {isa = PBXFileReference; lastKnownFileType = sourcecode.swift; path = ItemsCollectionViewController.swift; sourceTree = "<group>"; };
		CA1C188020F9338F0017C16B /* ItemCollectionViewCell.swift */ = {isa = PBXFileReference; lastKnownFileType = sourcecode.swift; path = ItemCollectionViewCell.swift; sourceTree = "<group>"; };
		CA1C188220FCF38E0017C16B /* ItemBucket.swift */ = {isa = PBXFileReference; lastKnownFileType = sourcecode.swift; path = ItemBucket.swift; sourceTree = "<group>"; };
		CA2B5CE520FD594E005A24C5 /* ItemCollectionHeader.swift */ = {isa = PBXFileReference; lastKnownFileType = sourcecode.swift; path = ItemCollectionHeader.swift; sourceTree = "<group>"; };
		CA35187D200FB37A00F5AABC /* Destiny2Api.app */ = {isa = PBXFileReference; explicitFileType = wrapper.application; includeInIndex = 0; path = Destiny2Api.app; sourceTree = BUILT_PRODUCTS_DIR; };
		CA351880200FB37A00F5AABC /* AppDelegate.swift */ = {isa = PBXFileReference; lastKnownFileType = sourcecode.swift; path = AppDelegate.swift; sourceTree = "<group>"; };
		CA351882200FB37A00F5AABC /* ViewController.swift */ = {isa = PBXFileReference; lastKnownFileType = sourcecode.swift; path = ViewController.swift; sourceTree = "<group>"; };
		CA351887200FB37A00F5AABC /* Assets.xcassets */ = {isa = PBXFileReference; lastKnownFileType = folder.assetcatalog; path = Assets.xcassets; sourceTree = "<group>"; };
		CA35188C200FB37A00F5AABC /* Info.plist */ = {isa = PBXFileReference; lastKnownFileType = text.plist.xml; path = Info.plist; sourceTree = "<group>"; };
		CA351894200FB9FB00F5AABC /* WSAPI.swift */ = {isa = PBXFileReference; fileEncoding = 4; lastKnownFileType = sourcecode.swift; path = WSAPI.swift; sourceTree = "<group>"; };
		CA351896200FBED600F5AABC /* EndpointConfiguration.swift */ = {isa = PBXFileReference; fileEncoding = 4; lastKnownFileType = sourcecode.swift; path = EndpointConfiguration.swift; sourceTree = "<group>"; };
		CA351898200FD76B00F5AABC /* UserEndpoints.swift */ = {isa = PBXFileReference; lastKnownFileType = sourcecode.swift; path = UserEndpoints.swift; sourceTree = "<group>"; };
		CA35189F200FE58800F5AABC /* EntityProtocol.swift */ = {isa = PBXFileReference; fileEncoding = 4; lastKnownFileType = sourcecode.swift; path = EntityProtocol.swift; sourceTree = "<group>"; };
		CA3518A1200FE86700F5AABC /* UserWorker.swift */ = {isa = PBXFileReference; lastKnownFileType = sourcecode.swift; path = UserWorker.swift; sourceTree = "<group>"; };
		CA487AFA20F5149F00E8590B /* Dictionary_Extension.swift */ = {isa = PBXFileReference; lastKnownFileType = sourcecode.swift; path = Dictionary_Extension.swift; sourceTree = "<group>"; };
		CA487B0120F9062A00E8590B /* Color_Extension.swift */ = {isa = PBXFileReference; lastKnownFileType = sourcecode.swift; path = Color_Extension.swift; sourceTree = "<group>"; };
		CAD2434220ED881400F68B2E /* Character.swift */ = {isa = PBXFileReference; lastKnownFileType = sourcecode.swift; path = Character.swift; sourceTree = "<group>"; };
		CAD2434420ED8AFD00F68B2E /* ServiceEntitiesEnums.swift */ = {isa = PBXFileReference; lastKnownFileType = sourcecode.swift; path = ServiceEntitiesEnums.swift; sourceTree = "<group>"; };
		CAD2434820ED98F300F68B2E /* CharacterTableViewController.swift */ = {isa = PBXFileReference; lastKnownFileType = sourcecode.swift; path = CharacterTableViewController.swift; sourceTree = "<group>"; };
		CAD2434D20EDAAA200F68B2E /* CharacterTableViewCell.swift */ = {isa = PBXFileReference; lastKnownFileType = sourcecode.swift; path = CharacterTableViewCell.swift; sourceTree = "<group>"; };
		CAD2437520EED6BD00F68B2E /* ManifestEndpoint.swift */ = {isa = PBXFileReference; lastKnownFileType = sourcecode.swift; path = ManifestEndpoint.swift; sourceTree = "<group>"; };
		CAD2437820EEDE9300F68B2E /* Item.swift */ = {isa = PBXFileReference; lastKnownFileType = sourcecode.swift; path = Item.swift; sourceTree = "<group>"; };
		CAD2437A20F3BCB700F68B2E /* ItemWorker.swift */ = {isa = PBXFileReference; lastKnownFileType = sourcecode.swift; path = ItemWorker.swift; sourceTree = "<group>"; };
		CAD2437C20F3C21200F68B2E /* InventoryItem.swift */ = {isa = PBXFileReference; lastKnownFileType = sourcecode.swift; path = InventoryItem.swift; sourceTree = "<group>"; };
		CAD2437E20F3C7C000F68B2E /* ItemInstance.swift */ = {isa = PBXFileReference; lastKnownFileType = sourcecode.swift; path = ItemInstance.swift; sourceTree = "<group>"; };
		CAD2438020F3D0BB00F68B2E /* ItemManifest.swift */ = {isa = PBXFileReference; lastKnownFileType = sourcecode.swift; path = ItemManifest.swift; sourceTree = "<group>"; };
		CAD2438220F3ECD900F68B2E /* CharacterInventoryViewController.swift */ = {isa = PBXFileReference; lastKnownFileType = sourcecode.swift; path = CharacterInventoryViewController.swift; sourceTree = "<group>"; };
		CAF5A0E120EC2779001F4C30 /* LoginEndpoints.swift */ = {isa = PBXFileReference; lastKnownFileType = sourcecode.swift; path = LoginEndpoints.swift; sourceTree = "<group>"; };
		CAF5A0E720EC2DFF001F4C30 /* User.swift */ = {isa = PBXFileReference; fileEncoding = 4; lastKnownFileType = sourcecode.swift; path = User.swift; sourceTree = "<group>"; };
		CAF5A0EA20EC2E0C001F4C30 /* Token.swift */ = {isa = PBXFileReference; fileEncoding = 4; lastKnownFileType = sourcecode.swift; path = Token.swift; sourceTree = "<group>"; };
		CAF5A0EC20EC2E2B001F4C30 /* Token_Persistance.swift */ = {isa = PBXFileReference; fileEncoding = 4; lastKnownFileType = sourcecode.swift; path = Token_Persistance.swift; sourceTree = "<group>"; };
		CAF5A0EE20EC35EF001F4C30 /* LoginWorker.swift */ = {isa = PBXFileReference; fileEncoding = 4; lastKnownFileType = sourcecode.swift; path = LoginWorker.swift; sourceTree = "<group>"; };
		CAF5A0F120EC3902001F4C30 /* RealmApi.swift */ = {isa = PBXFileReference; fileEncoding = 4; lastKnownFileType = sourcecode.swift; path = RealmApi.swift; sourceTree = "<group>"; };
		CAF5A0F420EC6D8A001F4C30 /* CurrentSession.swift */ = {isa = PBXFileReference; lastKnownFileType = sourcecode.swift; path = CurrentSession.swift; sourceTree = "<group>"; };
		CAF5A0F720EC7468001F4C30 /* AlertsUtility.swift */ = {isa = PBXFileReference; fileEncoding = 4; lastKnownFileType = sourcecode.swift; path = AlertsUtility.swift; sourceTree = "<group>"; };
		CAF5A0FA20ED457D001F4C30 /* LaunchScreen.storyboard */ = {isa = PBXFileReference; fileEncoding = 4; lastKnownFileType = file.storyboard; path = LaunchScreen.storyboard; sourceTree = "<group>"; };
		CAF5A0FB20ED457D001F4C30 /* Main.storyboard */ = {isa = PBXFileReference; fileEncoding = 4; lastKnownFileType = file.storyboard; path = Main.storyboard; sourceTree = "<group>"; };
		CAF5A0FE20ED45C9001F4C30 /* Character.storyboard */ = {isa = PBXFileReference; lastKnownFileType = file.storyboard; path = Character.storyboard; sourceTree = "<group>"; };
		CAF5A10020ED45F5001F4C30 /* ClanManagment.storyboard */ = {isa = PBXFileReference; lastKnownFileType = file.storyboard; path = ClanManagment.storyboard; sourceTree = "<group>"; };
		CAF5A10820ED4B40001F4C30 /* ClanManagmentRootViewController.swift */ = {isa = PBXFileReference; lastKnownFileType = sourcecode.swift; path = ClanManagmentRootViewController.swift; sourceTree = "<group>"; };
		D9586CA77A3E680F121FD71A /* Pods-Destiny2Api.release.xcconfig */ = {isa = PBXFileReference; includeInIndex = 1; lastKnownFileType = text.xcconfig; name = "Pods-Destiny2Api.release.xcconfig"; path = "Pods/Target Support Files/Pods-Destiny2Api/Pods-Destiny2Api.release.xcconfig"; sourceTree = "<group>"; };
/* End PBXFileReference section */

/* Begin PBXFrameworksBuildPhase section */
		CA35187A200FB37A00F5AABC /* Frameworks */ = {
			isa = PBXFrameworksBuildPhase;
			buildActionMask = 2147483647;
			files = (
				1D4692B535466D6B3D4C77A0 /* Pods_Destiny2Api.framework in Frameworks */,
			);
			runOnlyForDeploymentPostprocessing = 0;
		};
/* End PBXFrameworksBuildPhase section */

/* Begin PBXGroup section */
		18B0D0D465CE9016589313BD /* Pods */ = {
			isa = PBXGroup;
			children = (
				8698FCDCB57163F6818B1B9B /* Pods-Destiny2Api.debug.xcconfig */,
				D9586CA77A3E680F121FD71A /* Pods-Destiny2Api.release.xcconfig */,
			);
			name = Pods;
			sourceTree = "<group>";
		};
		CA351874200FB37A00F5AABC = {
			isa = PBXGroup;
			children = (
				CA35187F200FB37A00F5AABC /* Destiny2Api */,
				CA35187E200FB37A00F5AABC /* Products */,
				18B0D0D465CE9016589313BD /* Pods */,
				D6446AFA725627EE56C9B120 /* Frameworks */,
			);
			sourceTree = "<group>";
		};
		CA35187E200FB37A00F5AABC /* Products */ = {
			isa = PBXGroup;
			children = (
				CA35187D200FB37A00F5AABC /* Destiny2Api.app */,
			);
			name = Products;
			sourceTree = "<group>";
		};
		CA35187F200FB37A00F5AABC /* Destiny2Api */ = {
			isa = PBXGroup;
			children = (
				CA487AF720F5126A00E8590B /* Extensions */,
				CAF5A0F620EC745A001F4C30 /* Utilities */,
				CA351892200FB9FB00F5AABC /* Services */,
				CA35189A200FE3D800F5AABC /* Models */,
				CA35189B200FE3D800F5AABC /* Workers */,
				CAF5A10220ED4A6D001F4C30 /* ViewControllers */,
				CAF5A0F920ED457D001F4C30 /* Storyboards */,
				CA351880200FB37A00F5AABC /* AppDelegate.swift */,
				CA351882200FB37A00F5AABC /* ViewController.swift */,
				CA351887200FB37A00F5AABC /* Assets.xcassets */,
				CA35188C200FB37A00F5AABC /* Info.plist */,
			);
			path = Destiny2Api;
			sourceTree = "<group>";
		};
		CA351892200FB9FB00F5AABC /* Services */ = {
			isa = PBXGroup;
			children = (
				CAF5A0F020EC38F0001F4C30 /* Persistance */,
				CA351893200FB9FB00F5AABC /* Networking */,
			);
			path = Services;
			sourceTree = "<group>";
		};
		CA351893200FB9FB00F5AABC /* Networking */ = {
			isa = PBXGroup;
			children = (
				CA351894200FB9FB00F5AABC /* WSAPI.swift */,
				CA351896200FBED600F5AABC /* EndpointConfiguration.swift */,
				CAF5A0E120EC2779001F4C30 /* LoginEndpoints.swift */,
				CA351898200FD76B00F5AABC /* UserEndpoints.swift */,
				CAD2437520EED6BD00F68B2E /* ManifestEndpoint.swift */,
			);
			path = Networking;
			sourceTree = "<group>";
		};
		CA35189A200FE3D800F5AABC /* Models */ = {
			isa = PBXGroup;
			children = (
				CA35189F200FE58800F5AABC /* EntityProtocol.swift */,
				CAF5A0F320EC6D76001F4C30 /* Singletons */,
				CAF5A0E320EC2DFF001F4C30 /* PersistanceModels */,
				CAF5A0E520EC2DFF001F4C30 /* ServicesModels */,
			);
			path = Models;
			sourceTree = "<group>";
		};
		CA35189B200FE3D800F5AABC /* Workers */ = {
			isa = PBXGroup;
			children = (
				CAF5A0EE20EC35EF001F4C30 /* LoginWorker.swift */,
				CA3518A1200FE86700F5AABC /* UserWorker.swift */,
				CAD2437A20F3BCB700F68B2E /* ItemWorker.swift */,
			);
			path = Workers;
			sourceTree = "<group>";
		};
		CA487AF720F5126A00E8590B /* Extensions */ = {
			isa = PBXGroup;
			children = (
				CA487AF820F5126A00E8590B /* UIKit */,
				CA487AF920F5126A00E8590B /* Foundation */,
			);
			path = Extensions;
			sourceTree = "<group>";
		};
		CA487AF820F5126A00E8590B /* UIKit */ = {
			isa = PBXGroup;
			children = (
				CA487B0120F9062A00E8590B /* Color_Extension.swift */,
			);
			path = UIKit;
			sourceTree = "<group>";
		};
		CA487AF920F5126A00E8590B /* Foundation */ = {
			isa = PBXGroup;
			children = (
				CA487AFA20F5149F00E8590B /* Dictionary_Extension.swift */,
			);
			path = Foundation;
			sourceTree = "<group>";
		};
		CAD2434120ED880800F68B2E /* Character */ = {
			isa = PBXGroup;
			children = (
				CAD2434220ED881400F68B2E /* Character.swift */,
			);
			path = Character;
			sourceTree = "<group>";
		};
		CAD2434C20EDAA8800F68B2E /* Cells */ = {
			isa = PBXGroup;
			children = (
				CAD2434D20EDAAA200F68B2E /* CharacterTableViewCell.swift */,
				CA1C188020F9338F0017C16B /* ItemCollectionViewCell.swift */,
				CA2B5CE520FD594E005A24C5 /* ItemCollectionHeader.swift */,
			);
			path = Cells;
			sourceTree = "<group>";
		};
		CAD2437720EEDE8100F68B2E /* Item */ = {
			isa = PBXGroup;
			children = (
				CAD2437820EEDE9300F68B2E /* Item.swift */,
				CAD2437C20F3C21200F68B2E /* InventoryItem.swift */,
				CAD2437E20F3C7C000F68B2E /* ItemInstance.swift */,
				CAD2438020F3D0BB00F68B2E /* ItemManifest.swift */,
				CA1C188220FCF38E0017C16B /* ItemBucket.swift */,
			);
			path = Item;
			sourceTree = "<group>";
		};
		CAF5A0E320EC2DFF001F4C30 /* PersistanceModels */ = {
			isa = PBXGroup;
			children = (
				CAF5A0E420EC2DFF001F4C30 /* Login */,
			);
			path = PersistanceModels;
			sourceTree = "<group>";
		};
		CAF5A0E420EC2DFF001F4C30 /* Login */ = {
			isa = PBXGroup;
			children = (
				CAF5A0EC20EC2E2B001F4C30 /* Token_Persistance.swift */,
			);
			path = Login;
			sourceTree = "<group>";
		};
		CAF5A0E520EC2DFF001F4C30 /* ServicesModels */ = {
			isa = PBXGroup;
			children = (
				CAD2434420ED8AFD00F68B2E /* ServiceEntitiesEnums.swift */,
				CAF5A0E620EC2DFF001F4C30 /* User */,
				CAF5A0E820EC2DFF001F4C30 /* Login */,
				CAD2434120ED880800F68B2E /* Character */,
				CAD2437720EEDE8100F68B2E /* Item */,
			);
			path = ServicesModels;
			sourceTree = "<group>";
		};
		CAF5A0E620EC2DFF001F4C30 /* User */ = {
			isa = PBXGroup;
			children = (
				CAF5A0E720EC2DFF001F4C30 /* User.swift */,
			);
			path = User;
			sourceTree = "<group>";
		};
		CAF5A0E820EC2DFF001F4C30 /* Login */ = {
			isa = PBXGroup;
			children = (
				CAF5A0EA20EC2E0C001F4C30 /* Token.swift */,
			);
			path = Login;
			sourceTree = "<group>";
		};
		CAF5A0F020EC38F0001F4C30 /* Persistance */ = {
			isa = PBXGroup;
			children = (
				CAF5A0F120EC3902001F4C30 /* RealmApi.swift */,
			);
			path = Persistance;
			sourceTree = "<group>";
		};
		CAF5A0F320EC6D76001F4C30 /* Singletons */ = {
			isa = PBXGroup;
			children = (
				CAF5A0F420EC6D8A001F4C30 /* CurrentSession.swift */,
			);
			path = Singletons;
			sourceTree = "<group>";
		};
		CAF5A0F620EC745A001F4C30 /* Utilities */ = {
			isa = PBXGroup;
			children = (
				CAF5A0F720EC7468001F4C30 /* AlertsUtility.swift */,
			);
			path = Utilities;
			sourceTree = "<group>";
		};
		CAF5A0F920ED457D001F4C30 /* Storyboards */ = {
			isa = PBXGroup;
			children = (
				CAF5A0FA20ED457D001F4C30 /* LaunchScreen.storyboard */,
				CAF5A0FB20ED457D001F4C30 /* Main.storyboard */,
				CAF5A0FE20ED45C9001F4C30 /* Character.storyboard */,
				CAF5A10020ED45F5001F4C30 /* ClanManagment.storyboard */,
			);
			path = Storyboards;
			sourceTree = "<group>";
		};
		CAF5A10220ED4A6D001F4C30 /* ViewControllers */ = {
			isa = PBXGroup;
			children = (
				CAF5A10320ED4AA2001F4C30 /* ClanManagmentControllers */,
				CAF5A10520ED4AA3001F4C30 /* CharacterControllers */,
				CAF5A10420ED4AA3001F4C30 /* StartViewControllers */,
			);
			path = ViewControllers;
			sourceTree = "<group>";
		};
		CAF5A10320ED4AA2001F4C30 /* ClanManagmentControllers */ = {
			isa = PBXGroup;
			children = (
				CAF5A10820ED4B40001F4C30 /* ClanManagmentRootViewController.swift */,
			);
			path = ClanManagmentControllers;
			sourceTree = "<group>";
		};
		CAF5A10420ED4AA3001F4C30 /* StartViewControllers */ = {
			isa = PBXGroup;
			children = (
			);
			path = StartViewControllers;
			sourceTree = "<group>";
		};
		CAF5A10520ED4AA3001F4C30 /* CharacterControllers */ = {
			isa = PBXGroup;
			children = (
				CAD2434C20EDAA8800F68B2E /* Cells */,
				CAD2434820ED98F300F68B2E /* CharacterTableViewController.swift */,
				CAD2438220F3ECD900F68B2E /* CharacterInventoryViewController.swift */,
				CA1C187C20F922B60017C16B /* CharacterSelectorViewController.swift */,
				CA1C187E20F9337C0017C16B /* ItemsCollectionViewController.swift */,
			);
			path = CharacterControllers;
			sourceTree = "<group>";
		};
		D6446AFA725627EE56C9B120 /* Frameworks */ = {
			isa = PBXGroup;
			children = (
				6BAC47E53314CBE3C02E3588 /* Pods_Destiny2Api.framework */,
			);
			name = Frameworks;
			sourceTree = "<group>";
		};
/* End PBXGroup section */

/* Begin PBXNativeTarget section */
		CA35187C200FB37A00F5AABC /* Destiny2Api */ = {
			isa = PBXNativeTarget;
			buildConfigurationList = CA35188F200FB37A00F5AABC /* Build configuration list for PBXNativeTarget "Destiny2Api" */;
			buildPhases = (
				6220C1A480AD90799AB3C9F3 /* [CP] Check Pods Manifest.lock */,
				CA351879200FB37A00F5AABC /* Sources */,
				CA35187A200FB37A00F5AABC /* Frameworks */,
				CA35187B200FB37A00F5AABC /* Resources */,
				C1AB176A8D09CBF8F17B364F /* [CP] Embed Pods Frameworks */,
				3E6C87892A185201663A5ECD /* [CP] Copy Pods Resources */,
			);
			buildRules = (
			);
			dependencies = (
			);
			name = Destiny2Api;
			productName = Destiny2Api;
			productReference = CA35187D200FB37A00F5AABC /* Destiny2Api.app */;
			productType = "com.apple.product-type.application";
		};
/* End PBXNativeTarget section */

/* Begin PBXProject section */
		CA351875200FB37A00F5AABC /* Project object */ = {
			isa = PBXProject;
			attributes = {
				LastSwiftUpdateCheck = 0920;
				LastUpgradeCheck = 0920;
				ORGANIZATIONNAME = "Aldo Rogelio Bonilla  Guerrero";
				TargetAttributes = {
					CA35187C200FB37A00F5AABC = {
						CreatedOnToolsVersion = 9.2;
						ProvisioningStyle = Automatic;
					};
				};
			};
			buildConfigurationList = CA351878200FB37A00F5AABC /* Build configuration list for PBXProject "Destiny2Api" */;
			compatibilityVersion = "Xcode 8.0";
			developmentRegion = en;
			hasScannedForEncodings = 0;
			knownRegions = (
				en,
				Base,
			);
			mainGroup = CA351874200FB37A00F5AABC;
			productRefGroup = CA35187E200FB37A00F5AABC /* Products */;
			projectDirPath = "";
			projectRoot = "";
			targets = (
				CA35187C200FB37A00F5AABC /* Destiny2Api */,
			);
		};
/* End PBXProject section */

/* Begin PBXResourcesBuildPhase section */
		CA35187B200FB37A00F5AABC /* Resources */ = {
			isa = PBXResourcesBuildPhase;
			buildActionMask = 2147483647;
			files = (
				CAF5A0FD20ED457D001F4C30 /* Main.storyboard in Resources */,
				CA351888200FB37A00F5AABC /* Assets.xcassets in Resources */,
				CAF5A10120ED45F5001F4C30 /* ClanManagment.storyboard in Resources */,
				CAF5A0FF20ED45C9001F4C30 /* Character.storyboard in Resources */,
				CAF5A0FC20ED457D001F4C30 /* LaunchScreen.storyboard in Resources */,
			);
			runOnlyForDeploymentPostprocessing = 0;
		};
/* End PBXResourcesBuildPhase section */

/* Begin PBXShellScriptBuildPhase section */
		3E6C87892A185201663A5ECD /* [CP] Copy Pods Resources */ = {
			isa = PBXShellScriptBuildPhase;
			buildActionMask = 2147483647;
			files = (
			);
			inputPaths = (
			);
			name = "[CP] Copy Pods Resources";
			outputPaths = (
			);
			runOnlyForDeploymentPostprocessing = 0;
			shellPath = /bin/sh;
			shellScript = "\"${SRCROOT}/Pods/Target Support Files/Pods-Destiny2Api/Pods-Destiny2Api-resources.sh\"\n";
			showEnvVarsInLog = 0;
		};
		6220C1A480AD90799AB3C9F3 /* [CP] Check Pods Manifest.lock */ = {
			isa = PBXShellScriptBuildPhase;
			buildActionMask = 2147483647;
			files = (
			);
			inputPaths = (
				"${PODS_PODFILE_DIR_PATH}/Podfile.lock",
				"${PODS_ROOT}/Manifest.lock",
			);
			name = "[CP] Check Pods Manifest.lock";
			outputPaths = (
				"$(DERIVED_FILE_DIR)/Pods-Destiny2Api-checkManifestLockResult.txt",
			);
			runOnlyForDeploymentPostprocessing = 0;
			shellPath = /bin/sh;
			shellScript = "diff \"${PODS_PODFILE_DIR_PATH}/Podfile.lock\" \"${PODS_ROOT}/Manifest.lock\" > /dev/null\nif [ $? != 0 ] ; then\n    # print error to STDERR\n    echo \"error: The sandbox is not in sync with the Podfile.lock. Run 'pod install' or update your CocoaPods installation.\" >&2\n    exit 1\nfi\n# This output is used by Xcode 'outputs' to avoid re-running this script phase.\necho \"SUCCESS\" > \"${SCRIPT_OUTPUT_FILE_0}\"\n";
			showEnvVarsInLog = 0;
		};
		C1AB176A8D09CBF8F17B364F /* [CP] Embed Pods Frameworks */ = {
			isa = PBXShellScriptBuildPhase;
			buildActionMask = 2147483647;
			files = (
			);
			inputPaths = (
				"${SRCROOT}/Pods/Target Support Files/Pods-Destiny2Api/Pods-Destiny2Api-frameworks.sh",
				"${BUILT_PRODUCTS_DIR}/Alamofire/Alamofire.framework",
				"${BUILT_PRODUCTS_DIR}/IBAnimatable/IBAnimatable.framework",
				"${BUILT_PRODUCTS_DIR}/Kingfisher/Kingfisher.framework",
				"${BUILT_PRODUCTS_DIR}/Realm/Realm.framework",
				"${BUILT_PRODUCTS_DIR}/RealmSwift/RealmSwift.framework",
			);
			name = "[CP] Embed Pods Frameworks";
			outputPaths = (
				"${TARGET_BUILD_DIR}/${FRAMEWORKS_FOLDER_PATH}/Alamofire.framework",
				"${TARGET_BUILD_DIR}/${FRAMEWORKS_FOLDER_PATH}/IBAnimatable.framework",
				"${TARGET_BUILD_DIR}/${FRAMEWORKS_FOLDER_PATH}/Kingfisher.framework",
				"${TARGET_BUILD_DIR}/${FRAMEWORKS_FOLDER_PATH}/Realm.framework",
				"${TARGET_BUILD_DIR}/${FRAMEWORKS_FOLDER_PATH}/RealmSwift.framework",
			);
			runOnlyForDeploymentPostprocessing = 0;
			shellPath = /bin/sh;
			shellScript = "\"${SRCROOT}/Pods/Target Support Files/Pods-Destiny2Api/Pods-Destiny2Api-frameworks.sh\"\n";
			showEnvVarsInLog = 0;
		};
/* End PBXShellScriptBuildPhase section */

/* Begin PBXSourcesBuildPhase section */
		CA351879200FB37A00F5AABC /* Sources */ = {
			isa = PBXSourcesBuildPhase;
			buildActionMask = 2147483647;
			files = (
				CA351883200FB37A00F5AABC /* ViewController.swift in Sources */,
				CAD2438320F3ECD900F68B2E /* CharacterInventoryViewController.swift in Sources */,
				CAD2434920ED98F300F68B2E /* CharacterTableViewController.swift in Sources */,
				CA487AFB20F5149F00E8590B /* Dictionary_Extension.swift in Sources */,
				CAF5A0F220EC3902001F4C30 /* RealmApi.swift in Sources */,
				CAD2437D20F3C21200F68B2E /* InventoryItem.swift in Sources */,
				CAD2434520ED8AFD00F68B2E /* ServiceEntitiesEnums.swift in Sources */,
				CAF5A0EB20EC2E0C001F4C30 /* Token.swift in Sources */,
				CA351881200FB37A00F5AABC /* AppDelegate.swift in Sources */,
				CAD2437920EEDE9300F68B2E /* Item.swift in Sources */,
				CA3518A0200FE58800F5AABC /* EntityProtocol.swift in Sources */,
				CAD2434E20EDAAA200F68B2E /* CharacterTableViewCell.swift in Sources */,
				CAD2437F20F3C7C000F68B2E /* ItemInstance.swift in Sources */,
				CA1C188120F9338F0017C16B /* ItemCollectionViewCell.swift in Sources */,
				CAD2438120F3D0BB00F68B2E /* ItemManifest.swift in Sources */,
				CAF5A10920ED4B40001F4C30 /* ClanManagmentRootViewController.swift in Sources */,
				CAF5A0ED20EC2E2B001F4C30 /* Token_Persistance.swift in Sources */,
				CAD2437620EED6BD00F68B2E /* ManifestEndpoint.swift in Sources */,
				CA3518A2200FE86700F5AABC /* UserWorker.swift in Sources */,
				CAF5A0E220EC2779001F4C30 /* LoginEndpoints.swift in Sources */,
				CAD2437B20F3BCB700F68B2E /* ItemWorker.swift in Sources */,
				CAD2434320ED881400F68B2E /* Character.swift in Sources */,
				CA1C187D20F922B60017C16B /* CharacterSelectorViewController.swift in Sources */,
				CA2B5CE620FD594E005A24C5 /* ItemCollectionHeader.swift in Sources */,
				CAF5A0E920EC2DFF001F4C30 /* User.swift in Sources */,
				CA1C187F20F9337C0017C16B /* ItemsCollectionViewController.swift in Sources */,
				CA1C188320FCF38E0017C16B /* ItemBucket.swift in Sources */,
				CA351899200FD76B00F5AABC /* UserEndpoints.swift in Sources */,
				CAF5A0F520EC6D8A001F4C30 /* CurrentSession.swift in Sources */,
				CA351895200FB9FC00F5AABC /* WSAPI.swift in Sources */,
				CA351897200FBED600F5AABC /* EndpointConfiguration.swift in Sources */,
				CAF5A0EF20EC35EF001F4C30 /* LoginWorker.swift in Sources */,
				CAF5A0F820EC7468001F4C30 /* AlertsUtility.swift in Sources */,
				CA487B0220F9062A00E8590B /* Color_Extension.swift in Sources */,
			);
			runOnlyForDeploymentPostprocessing = 0;
		};
/* End PBXSourcesBuildPhase section */

/* Begin XCBuildConfiguration section */
		CA35188D200FB37A00F5AABC /* Debug */ = {
			isa = XCBuildConfiguration;
			buildSettings = {
				ALWAYS_SEARCH_USER_PATHS = NO;
				CLANG_ANALYZER_NONNULL = YES;
				CLANG_ANALYZER_NUMBER_OBJECT_CONVERSION = YES_AGGRESSIVE;
				CLANG_CXX_LANGUAGE_STANDARD = "gnu++14";
				CLANG_CXX_LIBRARY = "libc++";
				CLANG_ENABLE_MODULES = YES;
				CLANG_ENABLE_OBJC_ARC = YES;
				CLANG_WARN_BLOCK_CAPTURE_AUTORELEASING = YES;
				CLANG_WARN_BOOL_CONVERSION = YES;
				CLANG_WARN_COMMA = YES;
				CLANG_WARN_CONSTANT_CONVERSION = YES;
				CLANG_WARN_DIRECT_OBJC_ISA_USAGE = YES_ERROR;
				CLANG_WARN_DOCUMENTATION_COMMENTS = YES;
				CLANG_WARN_EMPTY_BODY = YES;
				CLANG_WARN_ENUM_CONVERSION = YES;
				CLANG_WARN_INFINITE_RECURSION = YES;
				CLANG_WARN_INT_CONVERSION = YES;
				CLANG_WARN_NON_LITERAL_NULL_CONVERSION = YES;
				CLANG_WARN_OBJC_LITERAL_CONVERSION = YES;
				CLANG_WARN_OBJC_ROOT_CLASS = YES_ERROR;
				CLANG_WARN_RANGE_LOOP_ANALYSIS = YES;
				CLANG_WARN_STRICT_PROTOTYPES = YES;
				CLANG_WARN_SUSPICIOUS_MOVE = YES;
				CLANG_WARN_UNGUARDED_AVAILABILITY = YES_AGGRESSIVE;
				CLANG_WARN_UNREACHABLE_CODE = YES;
				CLANG_WARN__DUPLICATE_METHOD_MATCH = YES;
				CODE_SIGN_IDENTITY = "iPhone Developer";
				COPY_PHASE_STRIP = NO;
				DEBUG_INFORMATION_FORMAT = dwarf;
				ENABLE_STRICT_OBJC_MSGSEND = YES;
				ENABLE_TESTABILITY = YES;
				GCC_C_LANGUAGE_STANDARD = gnu11;
				GCC_DYNAMIC_NO_PIC = NO;
				GCC_NO_COMMON_BLOCKS = YES;
				GCC_OPTIMIZATION_LEVEL = 0;
				GCC_PREPROCESSOR_DEFINITIONS = (
					"DEBUG=1",
					"$(inherited)",
				);
				GCC_WARN_64_TO_32_BIT_CONVERSION = YES;
				GCC_WARN_ABOUT_RETURN_TYPE = YES_ERROR;
				GCC_WARN_UNDECLARED_SELECTOR = YES;
				GCC_WARN_UNINITIALIZED_AUTOS = YES_AGGRESSIVE;
				GCC_WARN_UNUSED_FUNCTION = YES;
				GCC_WARN_UNUSED_VARIABLE = YES;
				IPHONEOS_DEPLOYMENT_TARGET = 11.2;
				MTL_ENABLE_DEBUG_INFO = YES;
				ONLY_ACTIVE_ARCH = YES;
				SDKROOT = iphoneos;
				SWIFT_ACTIVE_COMPILATION_CONDITIONS = DEBUG;
				SWIFT_OPTIMIZATION_LEVEL = "-Onone";
			};
			name = Debug;
		};
		CA35188E200FB37A00F5AABC /* Release */ = {
			isa = XCBuildConfiguration;
			buildSettings = {
				ALWAYS_SEARCH_USER_PATHS = NO;
				CLANG_ANALYZER_NONNULL = YES;
				CLANG_ANALYZER_NUMBER_OBJECT_CONVERSION = YES_AGGRESSIVE;
				CLANG_CXX_LANGUAGE_STANDARD = "gnu++14";
				CLANG_CXX_LIBRARY = "libc++";
				CLANG_ENABLE_MODULES = YES;
				CLANG_ENABLE_OBJC_ARC = YES;
				CLANG_WARN_BLOCK_CAPTURE_AUTORELEASING = YES;
				CLANG_WARN_BOOL_CONVERSION = YES;
				CLANG_WARN_COMMA = YES;
				CLANG_WARN_CONSTANT_CONVERSION = YES;
				CLANG_WARN_DIRECT_OBJC_ISA_USAGE = YES_ERROR;
				CLANG_WARN_DOCUMENTATION_COMMENTS = YES;
				CLANG_WARN_EMPTY_BODY = YES;
				CLANG_WARN_ENUM_CONVERSION = YES;
				CLANG_WARN_INFINITE_RECURSION = YES;
				CLANG_WARN_INT_CONVERSION = YES;
				CLANG_WARN_NON_LITERAL_NULL_CONVERSION = YES;
				CLANG_WARN_OBJC_LITERAL_CONVERSION = YES;
				CLANG_WARN_OBJC_ROOT_CLASS = YES_ERROR;
				CLANG_WARN_RANGE_LOOP_ANALYSIS = YES;
				CLANG_WARN_STRICT_PROTOTYPES = YES;
				CLANG_WARN_SUSPICIOUS_MOVE = YES;
				CLANG_WARN_UNGUARDED_AVAILABILITY = YES_AGGRESSIVE;
				CLANG_WARN_UNREACHABLE_CODE = YES;
				CLANG_WARN__DUPLICATE_METHOD_MATCH = YES;
				CODE_SIGN_IDENTITY = "iPhone Developer";
				COPY_PHASE_STRIP = NO;
				DEBUG_INFORMATION_FORMAT = "dwarf-with-dsym";
				ENABLE_NS_ASSERTIONS = NO;
				ENABLE_STRICT_OBJC_MSGSEND = YES;
				GCC_C_LANGUAGE_STANDARD = gnu11;
				GCC_NO_COMMON_BLOCKS = YES;
				GCC_WARN_64_TO_32_BIT_CONVERSION = YES;
				GCC_WARN_ABOUT_RETURN_TYPE = YES_ERROR;
				GCC_WARN_UNDECLARED_SELECTOR = YES;
				GCC_WARN_UNINITIALIZED_AUTOS = YES_AGGRESSIVE;
				GCC_WARN_UNUSED_FUNCTION = YES;
				GCC_WARN_UNUSED_VARIABLE = YES;
				IPHONEOS_DEPLOYMENT_TARGET = 11.2;
				MTL_ENABLE_DEBUG_INFO = NO;
				SDKROOT = iphoneos;
				SWIFT_OPTIMIZATION_LEVEL = "-Owholemodule";
				VALIDATE_PRODUCT = YES;
			};
			name = Release;
		};
		CA351890200FB37A00F5AABC /* Debug */ = {
			isa = XCBuildConfiguration;
			baseConfigurationReference = 8698FCDCB57163F6818B1B9B /* Pods-Destiny2Api.debug.xcconfig */;
			buildSettings = {
				ASSETCATALOG_COMPILER_APPICON_NAME = AppIcon;
				CODE_SIGN_STYLE = Automatic;
				DEVELOPMENT_TEAM = MG8EEUH3LX;
				INFOPLIST_FILE = Destiny2Api/Info.plist;
				LD_RUNPATH_SEARCH_PATHS = "$(inherited) @executable_path/Frameworks";
				PRODUCT_BUNDLE_IDENTIFIER = com.aldo.Destiny2Api;
				PRODUCT_NAME = "$(TARGET_NAME)";
				SWIFT_VERSION = 4.0;
				TARGETED_DEVICE_FAMILY = "1,2";
			};
			name = Debug;
		};
		CA351891200FB37A00F5AABC /* Release */ = {
			isa = XCBuildConfiguration;
			baseConfigurationReference = D9586CA77A3E680F121FD71A /* Pods-Destiny2Api.release.xcconfig */;
			buildSettings = {
				ASSETCATALOG_COMPILER_APPICON_NAME = AppIcon;
				CODE_SIGN_STYLE = Automatic;
				DEVELOPMENT_TEAM = MG8EEUH3LX;
				INFOPLIST_FILE = Destiny2Api/Info.plist;
				LD_RUNPATH_SEARCH_PATHS = "$(inherited) @executable_path/Frameworks";
				PRODUCT_BUNDLE_IDENTIFIER = com.aldo.Destiny2Api;
				PRODUCT_NAME = "$(TARGET_NAME)";
				SWIFT_VERSION = 4.0;
				TARGETED_DEVICE_FAMILY = "1,2";
			};
			name = Release;
		};
/* End XCBuildConfiguration section */

/* Begin XCConfigurationList section */
		CA351878200FB37A00F5AABC /* Build configuration list for PBXProject "Destiny2Api" */ = {
			isa = XCConfigurationList;
			buildConfigurations = (
				CA35188D200FB37A00F5AABC /* Debug */,
				CA35188E200FB37A00F5AABC /* Release */,
			);
			defaultConfigurationIsVisible = 0;
			defaultConfigurationName = Release;
		};
		CA35188F200FB37A00F5AABC /* Build configuration list for PBXNativeTarget "Destiny2Api" */ = {
			isa = XCConfigurationList;
			buildConfigurations = (
				CA351890200FB37A00F5AABC /* Debug */,
				CA351891200FB37A00F5AABC /* Release */,
			);
			defaultConfigurationIsVisible = 0;
			defaultConfigurationName = Release;
		};
/* End XCConfigurationList section */
	};
	rootObject = CA351875200FB37A00F5AABC /* Project object */;
}
